
Microsoft Visual Studio Solution File, Format Version 12.00
# Visual Studio Version 17
VisualStudioVersion = 17.4.33213.308
MinimumVisualStudioVersion = 10.0.40219.1
Project("{FAE04EC0-301F-11D3-BF4B-00C04F79EFBC}") = "Server", "Server\Server.csproj", "{080BC009-79B8-4F93-B753-86AC42C38B52}"
EndProject
Project("{FAE04EC0-301F-11D3-BF4B-00C04F79EFBC}") = "Shared", "Shared\Shared.csproj", "{F6E5E0D9-7315-4D72-8AFB-C901BA41E496}"
EndProject
Project("{FAE04EC0-301F-11D3-BF4B-00C04F79EFBC}") = "Client", "Client\Client.csproj", "{45E1B573-BE48-44AD-AE2C-82C63FECAB0D}"
EndProject
Global
	GlobalSection(SolutionConfigurationPlatforms) = preSolution
		Debug|Any CPU = Debug|Any CPU
		Release|Any CPU = Release|Any CPU
	EndGlobalSection
	GlobalSection(ProjectConfigurationPlatforms) = postSolution
		{080BC009-79B8-4F93-B753-86AC42C38B52}.Debug|Any CPU.ActiveCfg = Debug|Any CPU
		{080BC009-79B8-4F93-B753-86AC42C38B52}.Debug|Any CPU.Build.0 = Debug|Any CPU
		{080BC009-79B8-4F93-B753-86AC42C38B52}.Release|Any CPU.ActiveCfg = Release|Any CPU
		{080BC009-79B8-4F93-B753-86AC42C38B52}.Release|Any CPU.Build.0 = Release|Any CPU
		{F6E5E0D9-7315-4D72-8AFB-C901BA41E496}.Debug|Any CPU.ActiveCfg = Debug|Any CPU
		{F6E5E0D9-7315-4D72-8AFB-C901BA41E496}.Debug|Any CPU.Build.0 = Debug|Any CPU
		{F6E5E0D9-7315-4D72-8AFB-C901BA41E496}.Release|Any CPU.ActiveCfg = Release|Any CPU
		{F6E5E0D9-7315-4D72-8AFB-C901BA41E496}.Release|Any CPU.Build.0 = Release|Any CPU
		{45E1B573-BE48-44AD-AE2C-82C63FECAB0D}.Debug|Any CPU.ActiveCfg = Debug|Any CPU
		{45E1B573-BE48-44AD-AE2C-82C63FECAB0D}.Debug|Any CPU.Build.0 = Debug|Any CPU
		{45E1B573-BE48-44AD-AE2C-82C63FECAB0D}.Release|Any CPU.ActiveCfg = Release|Any CPU
		{45E1B573-BE48-44AD-AE2C-82C63FECAB0D}.Release|Any CPU.Build.0 = Release|Any CPU
	EndGlobalSection
	GlobalSection(SolutionProperties) = preSolution
		HideSolutionNode = FALSE
	EndGlobalSection
	GlobalSection(ExtensibilityGlobals) = postSolution
		SolutionGuid = {5490B7DD-63AB-4FFD-B0F9-BCB96A09AA62}
	EndGlobalSection
EndGlobal
